
Microsoft Visual Studio Solution File, Format Version 12.00
# Visual Studio 15
VisualStudioVersion = 15.0.28307.168
MinimumVisualStudioVersion = 10.0.40219.1
Project("{FAE04EC0-301F-11D3-BF4B-00C04F79EFBC}") = "Stock", "Stock\Stock.csproj", "{962FEA0B-7083-4E5C-B13E-E9C38DA2D55B}"
EndProject
Global
	GlobalSection(SolutionConfigurationPlatforms) = preSolution
		Debug|Any CPU = Debug|Any CPU
		Release|Any CPU = Release|Any CPU
	EndGlobalSection
	GlobalSection(ProjectConfigurationPlatforms) = postSolution
		{962FEA0B-7083-4E5C-B13E-E9C38DA2D55B}.Debug|Any CPU.ActiveCfg = Debug|Any CPU
		{962FEA0B-7083-4E5C-B13E-E9C38DA2D55B}.Debug|Any CPU.Build.0 = Debug|Any CPU
		{962FEA0B-7083-4E5C-B13E-E9C38DA2D55B}.Release|Any CPU.ActiveCfg = Release|Any CPU
		{962FEA0B-7083-4E5C-B13E-E9C38DA2D55B}.Release|Any CPU.Build.0 = Release|Any CPU
	EndGlobalSection
	GlobalSection(SolutionProperties) = preSolution
		HideSolutionNode = FALSE
	EndGlobalSection
	GlobalSection(ExtensibilityGlobals) = postSolution
		SolutionGuid = {DB87DE09-A564-445F-986D-B8B93495C2E4}
	EndGlobalSection
EndGlobal
